dependencies:
  espressif/esp_websocket_client:
    component_hash: dc00233af846f3a744ada283a300e0d586040aadc3ee67361645ecdce4523672
    dependencies:
    - name: idf
      require: private
      version: '>=5.0'
    source:
      registry_url: https://components.espressif.com/
      type: service
    version: 1.8.0
  idf:
    source:
      type: idf
    version: 5.3.2
direct_dependencies:
- espressif/esp_websocket_client
manifest_hash: b3631d764b283bbb165ea0d71f8aaa61a9a3298bad8a65d0d623d0d82184a0d5
target: esp32c3
version: 2.0.0
